
Microsoft Visual Studio Solution File, Format Version 12.00
# Visual Studio Version 16
VisualStudioVersion = 16.0.29613.14
MinimumVisualStudioVersion = 10.0.40219.1
Project("{FAE04EC0-301F-11D3-BF4B-00C04F79EFBC}") = "FootBallDataWrapper", "FootBallDataWrapper\FootBallDataWrapper.csproj", "{5E2A1AE1-7592-4121-B8ED-16C5EBDD3271}"
EndProject
Project("{FAE04EC0-301F-11D3-BF4B-00C04F79EFBC}") = "FootBallDataWrapper.Services", "FootBallDataWrapper.Services\FootBallDataWrapper.Services.csproj", "{3BA8623E-9F37-4EB0-AEEA-2AE85862BE93}"
EndProject
Project("{FAE04EC0-301F-11D3-BF4B-00C04F79EFBC}") = "FootBallDataWrapper.Repositories", "FootBallDataWrapper.Repositories\FootBallDataWrapper.Repositories.csproj", "{D064A6E5-F6F1-429F-8B0B-9A91ABBCC9A8}"
EndProject
Project("{FAE04EC0-301F-11D3-BF4B-00C04F79EFBC}") = "FootBallDataWrapper.Services.Interfaces", "FootBallDataWrapper.Services.Interfaces\FootBallDataWrapper.Services.Interfaces.csproj", "{06B779AB-F7B3-45A8-BDD7-CE591C320585}"
EndProject
Project("{FAE04EC0-301F-11D3-BF4B-00C04F79EFBC}") = "FootBallDataWrapper.Repositories.Interfaces", "FootBallDataWrapper.Repositories.Interfaces\FootBallDataWrapper.Repositories.Interfaces.csproj", "{AF01211E-B89D-412C-8BDA-0619E43D6633}"
EndProject
Project("{FAE04EC0-301F-11D3-BF4B-00C04F79EFBC}") = "FootBallDataWrapper.Tests", "FootBallDataWrapper.Tests\FootBallDataWrapper.Tests.csproj", "{3180C998-CE25-44CE-82BC-93EDF58EBA8E}"
EndProject
Project("{2150E333-8FDC-42A3-9474-1A3956D46DE8}") = "API", "API", "{0BBB1DB7-4A5D-4AC7-AC54-CF8A3CD18F2C}"
EndProject
Project("{2150E333-8FDC-42A3-9474-1A3956D46DE8}") = "Service Layer", "Service Layer", "{2245E6CB-485C-4DE4-A4CF-1E32C4CD43AB}"
EndProject
Project("{2150E333-8FDC-42A3-9474-1A3956D46DE8}") = "Data Layer", "Data Layer", "{532D87FB-6D2F-4E3F-89A0-82D497C624CE}"
EndProject
Project("{2150E333-8FDC-42A3-9474-1A3956D46DE8}") = "Testing", "Testing", "{EA0BF537-1807-458A-AC8E-551B8BDD428C}"
EndProject
Global
	GlobalSection(SolutionConfigurationPlatforms) = preSolution
		Debug|Any CPU = Debug|Any CPU
		Release|Any CPU = Release|Any CPU
	EndGlobalSection
	GlobalSection(ProjectConfigurationPlatforms) = postSolution
		{5E2A1AE1-7592-4121-B8ED-16C5EBDD3271}.Debug|Any CPU.ActiveCfg = Debug|Any CPU
		{5E2A1AE1-7592-4121-B8ED-16C5EBDD3271}.Debug|Any CPU.Build.0 = Debug|Any CPU
		{5E2A1AE1-7592-4121-B8ED-16C5EBDD3271}.Release|Any CPU.ActiveCfg = Release|Any CPU
		{5E2A1AE1-7592-4121-B8ED-16C5EBDD3271}.Release|Any CPU.Build.0 = Release|Any CPU
		{3BA8623E-9F37-4EB0-AEEA-2AE85862BE93}.Debug|Any CPU.ActiveCfg = Debug|Any CPU
		{3BA8623E-9F37-4EB0-AEEA-2AE85862BE93}.Debug|Any CPU.Build.0 = Debug|Any CPU
		{3BA8623E-9F37-4EB0-AEEA-2AE85862BE93}.Release|Any CPU.ActiveCfg = Release|Any CPU
		{3BA8623E-9F37-4EB0-AEEA-2AE85862BE93}.Release|Any CPU.Build.0 = Release|Any CPU
		{D064A6E5-F6F1-429F-8B0B-9A91ABBCC9A8}.Debug|Any CPU.ActiveCfg = Debug|Any CPU
		{D064A6E5-F6F1-429F-8B0B-9A91ABBCC9A8}.Debug|Any CPU.Build.0 = Debug|Any CPU
		{D064A6E5-F6F1-429F-8B0B-9A91ABBCC9A8}.Release|Any CPU.ActiveCfg = Release|Any CPU
		{D064A6E5-F6F1-429F-8B0B-9A91ABBCC9A8}.Release|Any CPU.Build.0 = Release|Any CPU
		{06B779AB-F7B3-45A8-BDD7-CE591C320585}.Debug|Any CPU.ActiveCfg = Debug|Any CPU
		{06B779AB-F7B3-45A8-BDD7-CE591C320585}.Debug|Any CPU.Build.0 = Debug|Any CPU
		{06B779AB-F7B3-45A8-BDD7-CE591C320585}.Release|Any CPU.ActiveCfg = Release|Any CPU
		{06B779AB-F7B3-45A8-BDD7-CE591C320585}.Release|Any CPU.Build.0 = Release|Any CPU
		{AF01211E-B89D-412C-8BDA-0619E43D6633}.Debug|Any CPU.ActiveCfg = Debug|Any CPU
		{AF01211E-B89D-412C-8BDA-0619E43D6633}.Debug|Any CPU.Build.0 = Debug|Any CPU
		{AF01211E-B89D-412C-8BDA-0619E43D6633}.Release|Any CPU.ActiveCfg = Release|Any CPU
		{AF01211E-B89D-412C-8BDA-0619E43D6633}.Release|Any CPU.Build.0 = Release|Any CPU
		{3180C998-CE25-44CE-82BC-93EDF58EBA8E}.Debug|Any CPU.ActiveCfg = Debug|Any CPU
		{3180C998-CE25-44CE-82BC-93EDF58EBA8E}.Debug|Any CPU.Build.0 = Debug|Any CPU
		{3180C998-CE25-44CE-82BC-93EDF58EBA8E}.Release|Any CPU.ActiveCfg = Release|Any CPU
		{3180C998-CE25-44CE-82BC-93EDF58EBA8E}.Release|Any CPU.Build.0 = Release|Any CPU
	EndGlobalSection
	GlobalSection(SolutionProperties) = preSolution
		HideSolutionNode = FALSE
	EndGlobalSection
	GlobalSection(NestedProjects) = preSolution
		{5E2A1AE1-7592-4121-B8ED-16C5EBDD3271} = {0BBB1DB7-4A5D-4AC7-AC54-CF8A3CD18F2C}
		{3BA8623E-9F37-4EB0-AEEA-2AE85862BE93} = {2245E6CB-485C-4DE4-A4CF-1E32C4CD43AB}
		{D064A6E5-F6F1-429F-8B0B-9A91ABBCC9A8} = {532D87FB-6D2F-4E3F-89A0-82D497C624CE}
		{06B779AB-F7B3-45A8-BDD7-CE591C320585} = {2245E6CB-485C-4DE4-A4CF-1E32C4CD43AB}
		{AF01211E-B89D-412C-8BDA-0619E43D6633} = {532D87FB-6D2F-4E3F-89A0-82D497C624CE}
		{3180C998-CE25-44CE-82BC-93EDF58EBA8E} = {EA0BF537-1807-458A-AC8E-551B8BDD428C}
	EndGlobalSection
	GlobalSection(ExtensibilityGlobals) = postSolution
		SolutionGuid = {6818C617-90ED-4239-A8CF-B0958B85B9B6}
	EndGlobalSection
EndGlobal
