
Microsoft Visual Studio Solution File, Format Version 12.00
# Visual Studio Version 16
VisualStudioVersion = 16.0.29613.14
MinimumVisualStudioVersion = 10.0.40219.1
Project("{FAE04EC0-301F-11D3-BF4B-00C04F79EFBC}") = "FootballDataWrapper", "FootballDataWrapper\FootballDataWrapper.csproj", "{821FD6AC-21DE-488F-B00A-61AAAC47C47E}"
EndProject
Global
	GlobalSection(SolutionConfigurationPlatforms) = preSolution
		Debug|Any CPU = Debug|Any CPU
		Release|Any CPU = Release|Any CPU
	EndGlobalSection
	GlobalSection(ProjectConfigurationPlatforms) = postSolution
		{821FD6AC-21DE-488F-B00A-61AAAC47C47E}.Debug|Any CPU.ActiveCfg = Debug|Any CPU
		{821FD6AC-21DE-488F-B00A-61AAAC47C47E}.Debug|Any CPU.Build.0 = Debug|Any CPU
		{821FD6AC-21DE-488F-B00A-61AAAC47C47E}.Release|Any CPU.ActiveCfg = Release|Any CPU
		{821FD6AC-21DE-488F-B00A-61AAAC47C47E}.Release|Any CPU.Build.0 = Release|Any CPU
	EndGlobalSection
	GlobalSection(SolutionProperties) = preSolution
		HideSolutionNode = FALSE
	EndGlobalSection
	GlobalSection(ExtensibilityGlobals) = postSolution
		SolutionGuid = {5FF043C5-4846-40F6-9793-66FAAF9E2823}
	EndGlobalSection
EndGlobal
